// !$*UTF8*$!
{
	archiveVersion = 1;
	classes = {
	};
	objectVersion = 50;
	objects = {

/* Begin PBXBuildFile section */
		142AAA056DA9BAA7D869757C /* libPods-维度电影.a in Frameworks */ = {isa = PBXBuildFile; fileRef = 1A81B87A9C1722FF550BBB0A /* libPods-维度电影.a */; };
		2E019A0A22B0A06C00DDAA91 /* LQScrollView.m in Sources */ = {isa = PBXBuildFile; fileRef = 2E019A0922B0A06C00DDAA91 /* LQScrollView.m */; };
		2E019A4322B0A17E00DDAA91 /* my_icon_version_default_xhdpi.png in Resources */ = {isa = PBXBuildFile; fileRef = 2E019A0E22B0A17E00DDAA91 /* my_icon_version_default_xhdpi.png */; };
		2E019A4422B0A17E00DDAA91 /* 20.png in Resources */ = {isa = PBXBuildFile; fileRef = 2E019A0F22B0A17E00DDAA91 /* 20.png */; };
		2E019A4522B0A17E00DDAA91 /* my_icon_version_default_xxhdpi.png in Resources */ = {isa = PBXBuildFile; fileRef = 2E019A1022B0A17E00DDAA91 /* my_icon_version_default_xxhdpi.png */; };
		2E019A4622B0A17E00DDAA91 /* 3333.png in Resources */ = {isa = PBXBuildFile; fileRef = 2E019A1222B0A17E00DDAA91 /* 3333.png */; };
		2E019A4722B0A17E00DDAA91 /* 4.png in Resources */ = {isa = PBXBuildFile; fileRef = 2E019A1322B0A17E00DDAA91 /* 4.png */; };
		2E019A4822B0A17E00DDAA91 /* 2.png in Resources */ = {isa = PBXBuildFile; fileRef = 2E019A1422B0A17E00DDAA91 /* 2.png */; };
		2E019A4922B0A17E00DDAA91 /* 9996.png in Resources */ = {isa = PBXBuildFile; fileRef = 2E019A1622B0A17E00DDAA91 /* 9996.png */; };
		2E019A4A22B0A17E00DDAA91 /* 5.png in Resources */ = {isa = PBXBuildFile; fileRef = 2E019A1722B0A17E00DDAA91 /* 5.png */; };
		2E019A4B22B0A17E00DDAA91 /* 7.png in Resources */ = {isa = PBXBuildFile; fileRef = 2E019A1822B0A17E00DDAA91 /* 7.png */; };
		2E019A4C22B0A17E00DDAA91 /* 10.png in Resources */ = {isa = PBXBuildFile; fileRef = 2E019A1A22B0A17E00DDAA91 /* 10.png */; };
		2E019A4D22B0A17E00DDAA91 /* 8888.png in Resources */ = {isa = PBXBuildFile; fileRef = 2E019A1B22B0A17E00DDAA91 /* 8888.png */; };
		2E019A4E22B0A17E00DDAA91 /* 899.png in Resources */ = {isa = PBXBuildFile; fileRef = 2E019A1C22B0A17E00DDAA91 /* 899.png */; };
		2E019A4F22B0A17E00DDAA91 /* 12.png in Resources */ = {isa = PBXBuildFile; fileRef = 2E019A1E22B0A17E00DDAA91 /* 12.png */; };
		2E019A5022B0A17E00DDAA91 /* 13.png in Resources */ = {isa = PBXBuildFile; fileRef = 2E019A1F22B0A17E00DDAA91 /* 13.png */; };
		2E019A5122B0A17E00DDAA91 /* 11.png in Resources */ = {isa = PBXBuildFile; fileRef = 2E019A2022B0A17E00DDAA91 /* 11.png */; };
		2E019A5222B0A17E00DDAA91 /* 15.png in Resources */ = {isa = PBXBuildFile; fileRef = 2E019A2222B0A17E00DDAA91 /* 15.png */; };
		2E019A5322B0A17E00DDAA91 /* 114.png in Resources */ = {isa = PBXBuildFile; fileRef = 2E019A2322B0A17E00DDAA91 /* 114.png */; };
		2E019A5422B0A17E00DDAA91 /* 16.png in Resources */ = {isa = PBXBuildFile; fileRef = 2E019A2422B0A17E00DDAA91 /* 16.png */; };
		2E019A5522B0A17E00DDAA91 /* 17.png in Resources */ = {isa = PBXBuildFile; fileRef = 2E019A2622B0A17E00DDAA91 /* 17.png */; };
		2E019A5622B0A17E00DDAA91 /* 18.png in Resources */ = {isa = PBXBuildFile; fileRef = 2E019A2722B0A17E00DDAA91 /* 18.png */; };
		2E019A5722B0A17E00DDAA91 /* 19.png in Resources */ = {isa = PBXBuildFile; fileRef = 2E019A2822B0A17E00DDAA91 /* 19.png */; };
		2E019A5822B0A17E00DDAA91 /* hdpia.png in Resources */ = {isa = PBXBuildFile; fileRef = 2E019A2B22B0A17E00DDAA91 /* hdpia.png */; };
		2E019A5922B0A17E00DDAA91 /* Bitmap.png in Resources */ = {isa = PBXBuildFile; fileRef = 2E019A2D22B0A17E00DDAA91 /* Bitmap.png */; };
		2E019A5A22B0A17E00DDAA91 /* xhdpia.png in Resources */ = {isa = PBXBuildFile; fileRef = 2E019A2E22B0A17E00DDAA91 /* xhdpia.png */; };
		2E019A5B22B0A17E00DDAA91 /* sj.jpg in Resources */ = {isa = PBXBuildFile; fileRef = 2E019A3022B0A17E00DDAA91 /* sj.jpg */; };
		2E019A5C22B0A17E00DDAA91 /* hdpimore.png in Resources */ = {isa = PBXBuildFile; fileRef = 2E019A3122B0A17E00DDAA91 /* hdpimore.png */; };
		2E019A5D22B0A17E00DDAA91 /* h.png in Resources */ = {isa = PBXBuildFile; fileRef = 2E019A3322B0A17E00DDAA91 /* h.png */; };
		2E019A5E22B0A17E00DDAA91 /* 66666.png in Resources */ = {isa = PBXBuildFile; fileRef = 2E019A3422B0A17E00DDAA91 /* 66666.png */; };
		2E019A5F22B0A17E00DDAA91 /* 5555.png in Resources */ = {isa = PBXBuildFile; fileRef = 2E019A3522B0A17E00DDAA91 /* 5555.png */; };
		2E019A6022B0A17E00DDAA91 /* 71212.png in Resources */ = {isa = PBXBuildFile; fileRef = 2E019A3622B0A17E00DDAA91 /* 71212.png */; };
		2E019A6122B0A17E00DDAA91 /* 1111111.png in Resources */ = {isa = PBXBuildFile; fileRef = 2E019A3722B0A17E00DDAA91 /* 1111111.png */; };
		2E019A6222B0A17E00DDAA91 /* 4444.png in Resources */ = {isa = PBXBuildFile; fileRef = 2E019A3822B0A17E00DDAA91 /* 4444.png */; };
		2E019A6322B0A17E00DDAA91 /* 2222.png in Resources */ = {isa = PBXBuildFile; fileRef = 2E019A3922B0A17E00DDAA91 /* 2222.png */; };
		2E019A6422B0A17E00DDAA91 /* 343434.png in Resources */ = {isa = PBXBuildFile; fileRef = 2E019A3A22B0A17E00DDAA91 /* 343434.png */; };
		2E019A6522B0A17E00DDAA91 /* g.png in Resources */ = {isa = PBXBuildFile; fileRef = 2E019A3B22B0A17E00DDAA91 /* g.png */; };
		2E019A6622B0A17E00DDAA91 /* 35.png in Resources */ = {isa = PBXBuildFile; fileRef = 2E019A3E22B0A17E00DDAA91 /* 35.png */; };
		2E019A6722B0A17E00DDAA91 /* 34.png in Resources */ = {isa = PBXBuildFile; fileRef = 2E019A4022B0A17E00DDAA91 /* 34.png */; };
		2E019A6822B0A17E00DDAA91 /* 33.png in Resources */ = {isa = PBXBuildFile; fileRef = 2E019A4222B0A17E00DDAA91 /* 33.png */; };
		2E019A6A22B0A92700DDAA91 /* choose_seat_soldout.png in Resources */ = {isa = PBXBuildFile; fileRef = 2E019A6922B0A92700DDAA91 /* choose_seat_soldout.png */; };
		2E072F7922B227AF00E60A8D /* ReviewViewController.m in Sources */ = {isa = PBXBuildFile; fileRef = 2E072F6522B1D32B00E60A8D /* ReviewViewController.m */; };
		2E072F7E22B3342900E60A8D /* MovieModel.m in Sources */ = {isa = PBXBuildFile; fileRef = 2E072F7D22B3342900E60A8D /* MovieModel.m */; };
		2E34204022ADFA7A0037765E /* AppDelegate.m in Sources */ = {isa = PBXBuildFile; fileRef = 2E34203F22ADFA7A0037765E /* AppDelegate.m */; };
		2E34204322ADFA7A0037765E /* ViewController.m in Sources */ = {isa = PBXBuildFile; fileRef = 2E34204222ADFA7A0037765E /* ViewController.m */; };
		2E34204622ADFA7A0037765E /* Main.storyboard in Resources */ = {isa = PBXBuildFile; fileRef = 2E34204422ADFA7A0037765E /* Main.storyboard */; };
		2E34204822ADFA7C0037765E /* Assets.xcassets in Resources */ = {isa = PBXBuildFile; fileRef = 2E34204722ADFA7C0037765E /* Assets.xcassets */; };
		2E34204B22ADFA7C0037765E /* LaunchScreen.storyboard in Resources */ = {isa = PBXBuildFile; fileRef = 2E34204922ADFA7C0037765E /* LaunchScreen.storyboard */; };
		2E34204E22ADFA7C0037765E /* main.m in Sources */ = {isa = PBXBuildFile; fileRef = 2E34204D22ADFA7C0037765E /* main.m */; };
		2E3DD65E22AE36A40090A96C /* MovieViewController.m in Sources */ = {isa = PBXBuildFile; fileRef = 2E3DD65D22AE36A40090A96C /* MovieViewController.m */; };
		2E3DD66122AE36E10090A96C /* CinemaViewController.m in Sources */ = {isa = PBXBuildFile; fileRef = 2E3DD66022AE36E10090A96C /* CinemaViewController.m */; };
		2E3DD66422AE36EF0090A96C /* MeinViewController.m in Sources */ = {isa = PBXBuildFile; fileRef = 2E3DD66322AE36EF0090A96C /* MeinViewController.m */; };
		2E64F52622B0E33600E84216 /* RecommendVC.m in Sources */ = {isa = PBXBuildFile; fileRef = E031328B22B09BB200EAF501 /* RecommendVC.m */; };
		2E64F52722B0E33600E84216 /* NearbyVC.m in Sources */ = {isa = PBXBuildFile; fileRef = E031328E22B09BBE00EAF501 /* NearbyVC.m */; };
		2E64F52822B0E38000E84216 /* MCPageView.m in Sources */ = {isa = PBXBuildFile; fileRef = E03132A622B09C7200EAF501 /* MCPageView.m */; };
		2E64F52922B0E38000E84216 /* GYZChooseCityController.m in Sources */ = {isa = PBXBuildFile; fileRef = E031329422B09C6700EAF501 /* GYZChooseCityController.m */; };
		2E64F52A22B0E3BC00E84216 /* UIView+QQFrame.m in Sources */ = {isa = PBXBuildFile; fileRef = E03132A722B09C7200EAF501 /* UIView+QQFrame.m */; };
		2E64F52B22B0E3BC00E84216 /* GYZCityGroupCell.m in Sources */ = {isa = PBXBuildFile; fileRef = E031329522B09C6700EAF501 /* GYZCityGroupCell.m */; };
		2E64F52C22B0E3BC00E84216 /* GYZCityHeaderView.m in Sources */ = {isa = PBXBuildFile; fileRef = E031329722B09C6700EAF501 /* GYZCityHeaderView.m */; };
		2E64F52D22B0E3BC00E84216 /* GYZCity.m in Sources */ = {isa = PBXBuildFile; fileRef = E031329822B09C6700EAF501 /* GYZCity.m */; };
		E03132A022B09C6700EAF501 /* CityData.plist in Resources */ = {isa = PBXBuildFile; fileRef = E031329622B09C6700EAF501 /* CityData.plist */; };
		E03132A122B09C6700EAF501 /* GYZCityHeaderView.m in Sources */ = {isa = PBXBuildFile; fileRef = E031329722B09C6700EAF501 /* GYZCityHeaderView.m */; };
		E03132A222B09C6700EAF501 /* GYZCity.m in Sources */ = {isa = PBXBuildFile; fileRef = E031329822B09C6700EAF501 /* GYZCity.m */; };
		E03132A822B09C7200EAF501 /* MCPageView.m in Sources */ = {isa = PBXBuildFile; fileRef = E03132A622B09C7200EAF501 /* MCPageView.m */; };
		E03132AC22B0D42200EAF501 /* RecommendMD.m in Sources */ = {isa = PBXBuildFile; fileRef = E03132AB22B0D42200EAF501 /* RecommendMD.m */; };
		E03132AF22B0D4DE00EAF501 /* RecommendCell.m in Sources */ = {isa = PBXBuildFile; fileRef = E03132AE22B0D4DE00EAF501 /* RecommendCell.m */; };
		E0DC726B22B244730011A316 /* ReviewViewController.m in Sources */ = {isa = PBXBuildFile; fileRef = 2E072F6522B1D32B00E60A8D /* ReviewViewController.m */; };
/* End PBXBuildFile section */

/* Begin PBXFileReference section */
		1A81B87A9C1722FF550BBB0A /* libPods-维度电影.a */ = {isa = PBXFileReference; explicitFileType = archive.ar; includeInIndex = 0; path = "libPods-维度电影.a"; sourceTree = BUILT_PRODUCTS_DIR; };
		2E019A0822B0A06C00DDAA91 /* LQScrollView.h */ = {isa = PBXFileReference; fileEncoding = 4; lastKnownFileType = sourcecode.c.h; path = LQScrollView.h; sourceTree = "<group>"; };
		2E019A0922B0A06C00DDAA91 /* LQScrollView.m */ = {isa = PBXFileReference; fileEncoding = 4; lastKnownFileType = sourcecode.c.objc; path = LQScrollView.m; sourceTree = "<group>"; };
		2E019A0E22B0A17E00DDAA91 /* my_icon_version_default_xhdpi.png */ = {isa = PBXFileReference; lastKnownFileType = image.png; path = my_icon_version_default_xhdpi.png; sourceTree = "<group>"; };
		2E019A0F22B0A17E00DDAA91 /* 20.png */ = {isa = PBXFileReference; lastKnownFileType = image.png; path = 20.png; sourceTree = "<group>"; };
		2E019A1022B0A17E00DDAA91 /* my_icon_version_default_xxhdpi.png */ = {isa = PBXFileReference; lastKnownFileType = image.png; path = my_icon_version_default_xxhdpi.png; sourceTree = "<group>"; };
		2E019A1222B0A17E00DDAA91 /* 3333.png */ = {isa = PBXFileReference; lastKnownFileType = image.png; path = 3333.png; sourceTree = "<group>"; };
		2E019A1322B0A17E00DDAA91 /* 4.png */ = {isa = PBXFileReference; lastKnownFileType = image.png; path = 4.png; sourceTree = "<group>"; };
		2E019A1422B0A17E00DDAA91 /* 2.png */ = {isa = PBXFileReference; lastKnownFileType = image.png; path = 2.png; sourceTree = "<group>"; };
		2E019A1622B0A17E00DDAA91 /* 9996.png */ = {isa = PBXFileReference; lastKnownFileType = image.png; path = 9996.png; sourceTree = "<group>"; };
		2E019A1722B0A17E00DDAA91 /* 5.png */ = {isa = PBXFileReference; lastKnownFileType = image.png; path = 5.png; sourceTree = "<group>"; };
		2E019A1822B0A17E00DDAA91 /* 7.png */ = {isa = PBXFileReference; lastKnownFileType = image.png; path = 7.png; sourceTree = "<group>"; };
		2E019A1A22B0A17E00DDAA91 /* 10.png */ = {isa = PBXFileReference; lastKnownFileType = image.png; path = 10.png; sourceTree = "<group>"; };
		2E019A1B22B0A17E00DDAA91 /* 8888.png */ = {isa = PBXFileReference; lastKnownFileType = image.png; path = 8888.png; sourceTree = "<group>"; };
		2E019A1C22B0A17E00DDAA91 /* 899.png */ = {isa = PBXFileReference; lastKnownFileType = image.png; path = 899.png; sourceTree = "<group>"; };
		2E019A1E22B0A17E00DDAA91 /* 12.png */ = {isa = PBXFileReference; lastKnownFileType = image.png; path = 12.png; sourceTree = "<group>"; };
		2E019A1F22B0A17E00DDAA91 /* 13.png */ = {isa = PBXFileReference; lastKnownFileType = image.png; path = 13.png; sourceTree = "<group>"; };
		2E019A2022B0A17E00DDAA91 /* 11.png */ = {isa = PBXFileReference; lastKnownFileType = image.png; path = 11.png; sourceTree = "<group>"; };
		2E019A2222B0A17E00DDAA91 /* 15.png */ = {isa = PBXFileReference; lastKnownFileType = image.png; path = 15.png; sourceTree = "<group>"; };
		2E019A2322B0A17E00DDAA91 /* 114.png */ = {isa = PBXFileReference; lastKnownFileType = image.png; path = 114.png; sourceTree = "<group>"; };
		2E019A2422B0A17E00DDAA91 /* 16.png */ = {isa = PBXFileReference; lastKnownFileType = image.png; path = 16.png; sourceTree = "<group>"; };
		2E019A2622B0A17E00DDAA91 /* 17.png */ = {isa = PBXFileReference; lastKnownFileType = image.png; path = 17.png; sourceTree = "<group>"; };
		2E019A2722B0A17E00DDAA91 /* 18.png */ = {isa = PBXFileReference; lastKnownFileType = image.png; path = 18.png; sourceTree = "<group>"; };
		2E019A2822B0A17E00DDAA91 /* 19.png */ = {isa = PBXFileReference; lastKnownFileType = image.png; path = 19.png; sourceTree = "<group>"; };
		2E019A2B22B0A17E00DDAA91 /* hdpia.png */ = {isa = PBXFileReference; lastKnownFileType = image.png; path = hdpia.png; sourceTree = "<group>"; };
		2E019A2D22B0A17E00DDAA91 /* Bitmap.png */ = {isa = PBXFileReference; lastKnownFileType = image.png; path = Bitmap.png; sourceTree = "<group>"; };
		2E019A2E22B0A17E00DDAA91 /* xhdpia.png */ = {isa = PBXFileReference; lastKnownFileType = image.png; path = xhdpia.png; sourceTree = "<group>"; };
		2E019A3022B0A17E00DDAA91 /* sj.jpg */ = {isa = PBXFileReference; lastKnownFileType = image.jpeg; path = sj.jpg; sourceTree = "<group>"; };
		2E019A3122B0A17E00DDAA91 /* hdpimore.png */ = {isa = PBXFileReference; lastKnownFileType = image.png; path = hdpimore.png; sourceTree = "<group>"; };
		2E019A3322B0A17E00DDAA91 /* h.png */ = {isa = PBXFileReference; lastKnownFileType = image.png; path = h.png; sourceTree = "<group>"; };
		2E019A3422B0A17E00DDAA91 /* 66666.png */ = {isa = PBXFileReference; lastKnownFileType = image.png; path = 66666.png; sourceTree = "<group>"; };
		2E019A3522B0A17E00DDAA91 /* 5555.png */ = {isa = PBXFileReference; lastKnownFileType = image.png; path = 5555.png; sourceTree = "<group>"; };
		2E019A3622B0A17E00DDAA91 /* 71212.png */ = {isa = PBXFileReference; lastKnownFileType = image.png; path = 71212.png; sourceTree = "<group>"; };
		2E019A3722B0A17E00DDAA91 /* 1111111.png */ = {isa = PBXFileReference; lastKnownFileType = image.png; path = 1111111.png; sourceTree = "<group>"; };
		2E019A3822B0A17E00DDAA91 /* 4444.png */ = {isa = PBXFileReference; lastKnownFileType = image.png; path = 4444.png; sourceTree = "<group>"; };
		2E019A3922B0A17E00DDAA91 /* 2222.png */ = {isa = PBXFileReference; lastKnownFileType = image.png; path = 2222.png; sourceTree = "<group>"; };
		2E019A3A22B0A17E00DDAA91 /* 343434.png */ = {isa = PBXFileReference; lastKnownFileType = image.png; path = 343434.png; sourceTree = "<group>"; };
		2E019A3B22B0A17E00DDAA91 /* g.png */ = {isa = PBXFileReference; lastKnownFileType = image.png; path = g.png; sourceTree = "<group>"; };
		2E019A3E22B0A17E00DDAA91 /* 35.png */ = {isa = PBXFileReference; lastKnownFileType = image.png; path = 35.png; sourceTree = "<group>"; };
		2E019A4022B0A17E00DDAA91 /* 34.png */ = {isa = PBXFileReference; lastKnownFileType = image.png; path = 34.png; sourceTree = "<group>"; };
		2E019A4222B0A17E00DDAA91 /* 33.png */ = {isa = PBXFileReference; lastKnownFileType = image.png; path = 33.png; sourceTree = "<group>"; };
		2E019A6922B0A92700DDAA91 /* choose_seat_soldout.png */ = {isa = PBXFileReference; lastKnownFileType = image.png; path = choose_seat_soldout.png; sourceTree = "<group>"; };
		2E072F6422B1D32B00E60A8D /* ReviewViewController.h */ = {isa = PBXFileReference; lastKnownFileType = sourcecode.c.h; path = ReviewViewController.h; sourceTree = "<group>"; };
		2E072F6522B1D32B00E60A8D /* ReviewViewController.m */ = {isa = PBXFileReference; lastKnownFileType = sourcecode.c.objc; path = ReviewViewController.m; sourceTree = "<group>"; };
		2E072F7722B1D5EF00E60A8D /* com_icon_return_default.png */ = {isa = PBXFileReference; lastKnownFileType = image.png; path = com_icon_return_default.png; sourceTree = "<group>"; };
		2E072F7C22B3342900E60A8D /* MovieModel.h */ = {isa = PBXFileReference; lastKnownFileType = sourcecode.c.h; path = MovieModel.h; sourceTree = "<group>"; };
		2E072F7D22B3342900E60A8D /* MovieModel.m */ = {isa = PBXFileReference; lastKnownFileType = sourcecode.c.objc; path = MovieModel.m; sourceTree = "<group>"; };
		2E34203B22ADFA7A0037765E /* 维度电影.app */ = {isa = PBXFileReference; explicitFileType = wrapper.application; includeInIndex = 0; path = "维度电影.app"; sourceTree = BUILT_PRODUCTS_DIR; };
		2E34203E22ADFA7A0037765E /* AppDelegate.h */ = {isa = PBXFileReference; lastKnownFileType = sourcecode.c.h; path = AppDelegate.h; sourceTree = "<group>"; };
		2E34203F22ADFA7A0037765E /* AppDelegate.m */ = {isa = PBXFileReference; lastKnownFileType = sourcecode.c.objc; path = AppDelegate.m; sourceTree = "<group>"; };
		2E34204122ADFA7A0037765E /* ViewController.h */ = {isa = PBXFileReference; lastKnownFileType = sourcecode.c.h; path = ViewController.h; sourceTree = "<group>"; };
		2E34204222ADFA7A0037765E /* ViewController.m */ = {isa = PBXFileReference; lastKnownFileType = sourcecode.c.objc; path = ViewController.m; sourceTree = "<group>"; };
		2E34204522ADFA7A0037765E /* Base */ = {isa = PBXFileReference; lastKnownFileType = file.storyboard; name = Base; path = Base.lproj/Main.storyboard; sourceTree = "<group>"; };
		2E34204722ADFA7C0037765E /* Assets.xcassets */ = {isa = PBXFileReference; lastKnownFileType = folder.assetcatalog; path = Assets.xcassets; sourceTree = "<group>"; };
		2E34204A22ADFA7C0037765E /* Base */ = {isa = PBXFileReference; lastKnownFileType = file.storyboard; name = Base; path = Base.lproj/LaunchScreen.storyboard; sourceTree = "<group>"; };
		2E34204C22ADFA7C0037765E /* Info.plist */ = {isa = PBXFileReference; lastKnownFileType = text.plist.xml; path = Info.plist; sourceTree = "<group>"; };
		2E34204D22ADFA7C0037765E /* main.m */ = {isa = PBXFileReference; lastKnownFileType = sourcecode.c.objc; path = main.m; sourceTree = "<group>"; };
		2E3DD65C22AE36A40090A96C /* MovieViewController.h */ = {isa = PBXFileReference; lastKnownFileType = sourcecode.c.h; path = MovieViewController.h; sourceTree = "<group>"; };
		2E3DD65D22AE36A40090A96C /* MovieViewController.m */ = {isa = PBXFileReference; lastKnownFileType = sourcecode.c.objc; path = MovieViewController.m; sourceTree = "<group>"; };
		2E3DD65F22AE36E10090A96C /* CinemaViewController.h */ = {isa = PBXFileReference; lastKnownFileType = sourcecode.c.h; path = CinemaViewController.h; sourceTree = "<group>"; };
		2E3DD66022AE36E10090A96C /* CinemaViewController.m */ = {isa = PBXFileReference; lastKnownFileType = sourcecode.c.objc; path = CinemaViewController.m; sourceTree = "<group>"; };
		2E3DD66222AE36EF0090A96C /* MeinViewController.h */ = {isa = PBXFileReference; lastKnownFileType = sourcecode.c.h; path = MeinViewController.h; sourceTree = "<group>"; };
		2E3DD66322AE36EF0090A96C /* MeinViewController.m */ = {isa = PBXFileReference; lastKnownFileType = sourcecode.c.objc; path = MeinViewController.m; sourceTree = "<group>"; };
		B5D7B53A1EFBE5BCFD15CB93 /* Pods-维度电影.debug.xcconfig */ = {isa = PBXFileReference; includeInIndex = 1; lastKnownFileType = text.xcconfig; name = "Pods-维度电影.debug.xcconfig"; path = "Pods/Target Support Files/Pods-维度电影/Pods-维度电影.debug.xcconfig"; sourceTree = "<group>"; };
		E031328A22B09BB200EAF501 /* RecommendVC.h */ = {isa = PBXFileReference; lastKnownFileType = sourcecode.c.h; path = RecommendVC.h; sourceTree = "<group>"; };
		E031328B22B09BB200EAF501 /* RecommendVC.m */ = {isa = PBXFileReference; lastKnownFileType = sourcecode.c.objc; path = RecommendVC.m; sourceTree = "<group>"; };
		E031328D22B09BBE00EAF501 /* NearbyVC.h */ = {isa = PBXFileReference; lastKnownFileType = sourcecode.c.h; path = NearbyVC.h; sourceTree = "<group>"; };
		E031328E22B09BBE00EAF501 /* NearbyVC.m */ = {isa = PBXFileReference; lastKnownFileType = sourcecode.c.objc; path = NearbyVC.m; sourceTree = "<group>"; };
		E031329222B09C4B00EAF501 /* screenLayOut.h */ = {isa = PBXFileReference; fileEncoding = 4; lastKnownFileType = sourcecode.c.h; path = screenLayOut.h; sourceTree = "<group>"; };
		E031329422B09C6700EAF501 /* GYZChooseCityController.m */ = {isa = PBXFileReference; fileEncoding = 4; lastKnownFileType = sourcecode.c.objc; path = GYZChooseCityController.m; sourceTree = "<group>"; };
		E031329522B09C6700EAF501 /* GYZCityGroupCell.m */ = {isa = PBXFileReference; fileEncoding = 4; lastKnownFileType = sourcecode.c.objc; path = GYZCityGroupCell.m; sourceTree = "<group>"; };
		E031329622B09C6700EAF501 /* CityData.plist */ = {isa = PBXFileReference; fileEncoding = 4; lastKnownFileType = text.plist.xml; path = CityData.plist; sourceTree = "<group>"; };
		E031329722B09C6700EAF501 /* GYZCityHeaderView.m */ = {isa = PBXFileReference; fileEncoding = 4; lastKnownFileType = sourcecode.c.objc; path = GYZCityHeaderView.m; sourceTree = "<group>"; };
		E031329822B09C6700EAF501 /* GYZCity.m */ = {isa = PBXFileReference; fileEncoding = 4; lastKnownFileType = sourcecode.c.objc; path = GYZCity.m; sourceTree = "<group>"; };
		E031329922B09C6700EAF501 /* GYZCityGroupCell.h */ = {isa = PBXFileReference; fileEncoding = 4; lastKnownFileType = sourcecode.c.h; path = GYZCityGroupCell.h; sourceTree = "<group>"; };
		E031329A22B09C6700EAF501 /* GYZChooseCityDelegate.h */ = {isa = PBXFileReference; fileEncoding = 4; lastKnownFileType = sourcecode.c.h; path = GYZChooseCityDelegate.h; sourceTree = "<group>"; };
		E031329B22B09C6700EAF501 /* GYZChooseCityController.h */ = {isa = PBXFileReference; fileEncoding = 4; lastKnownFileType = sourcecode.c.h; path = GYZChooseCityController.h; sourceTree = "<group>"; };
		E031329C22B09C6700EAF501 /* GYZCityHeaderView.h */ = {isa = PBXFileReference; fileEncoding = 4; lastKnownFileType = sourcecode.c.h; path = GYZCityHeaderView.h; sourceTree = "<group>"; };
		E031329D22B09C6700EAF501 /* GYZCity.h */ = {isa = PBXFileReference; fileEncoding = 4; lastKnownFileType = sourcecode.c.h; path = GYZCity.h; sourceTree = "<group>"; };
		E03132A422B09C7200EAF501 /* UIView+QQFrame.h */ = {isa = PBXFileReference; fileEncoding = 4; lastKnownFileType = sourcecode.c.h; path = "UIView+QQFrame.h"; sourceTree = "<group>"; };
		E03132A522B09C7200EAF501 /* MCPageView.h */ = {isa = PBXFileReference; fileEncoding = 4; lastKnownFileType = sourcecode.c.h; path = MCPageView.h; sourceTree = "<group>"; };
		E03132A622B09C7200EAF501 /* MCPageView.m */ = {isa = PBXFileReference; fileEncoding = 4; lastKnownFileType = sourcecode.c.objc; path = MCPageView.m; sourceTree = "<group>"; };
		E03132A722B09C7200EAF501 /* UIView+QQFrame.m */ = {isa = PBXFileReference; fileEncoding = 4; lastKnownFileType = sourcecode.c.objc; path = "UIView+QQFrame.m"; sourceTree = "<group>"; };
		E03132AA22B0D42200EAF501 /* RecommendMD.h */ = {isa = PBXFileReference; lastKnownFileType = sourcecode.c.h; path = RecommendMD.h; sourceTree = "<group>"; };
		E03132AB22B0D42200EAF501 /* RecommendMD.m */ = {isa = PBXFileReference; lastKnownFileType = sourcecode.c.objc; path = RecommendMD.m; sourceTree = "<group>"; };
		E03132AD22B0D4DE00EAF501 /* RecommendCell.h */ = {isa = PBXFileReference; lastKnownFileType = sourcecode.c.h; path = RecommendCell.h; sourceTree = "<group>"; };
		E03132AE22B0D4DE00EAF501 /* RecommendCell.m */ = {isa = PBXFileReference; lastKnownFileType = sourcecode.c.objc; path = RecommendCell.m; sourceTree = "<group>"; };
		EBE4B539F257CFF1C5D49328 /* Pods-维度电影.release.xcconfig */ = {isa = PBXFileReference; includeInIndex = 1; lastKnownFileType = text.xcconfig; name = "Pods-维度电影.release.xcconfig"; path = "Pods/Target Support Files/Pods-维度电影/Pods-维度电影.release.xcconfig"; sourceTree = "<group>"; };
/* End PBXFileReference section */

/* Begin PBXFrameworksBuildPhase section */
		2E34203822ADFA7A0037765E /* Frameworks */ = {
			isa = PBXFrameworksBuildPhase;
			buildActionMask = 2147483647;
			files = (
				142AAA056DA9BAA7D869757C /* libPods-维度电影.a in Frameworks */,
			);
			runOnlyForDeploymentPostprocessing = 0;
		};
/* End PBXFrameworksBuildPhase section */

/* Begin PBXGroup section */
		2E019A0B22B0A17E00DDAA91 /* Image */ = {
			isa = PBXGroup;
			children = (
				2E019A0C22B0A17E00DDAA91 /* my page */,
				2E019A2922B0A17E00DDAA91 /* 我的页面 */,
				2E019A3122B0A17E00DDAA91 /* hdpimore.png */,
				2E072F7722B1D5EF00E60A8D /* com_icon_return_default.png */,
				2E019A3222B0A17E00DDAA91 /* 滚动 */,
				2E019A3C22B0A17E00DDAA91 /* 放弃的副本 */,
			);
			path = Image;
			sourceTree = "<group>";
		};
		2E019A0C22B0A17E00DDAA91 /* my page */ = {
			isa = PBXGroup;
			children = (
				2E019A0D22B0A17E00DDAA91 /* my_icon_version_default */,
				2E019A1122B0A17E00DDAA91 /* my_icon_feedback_default */,
				2E019A1522B0A17E00DDAA91 /* my_icon_rccord_default */,
				2E019A1922B0A17E00DDAA91 /* my_icon_remind_default */,
				2E019A1D22B0A17E00DDAA91 /* my_icon_logout_default */,
				2E019A2122B0A17E00DDAA91 /* my_icon_attention_default */,
				2E019A2522B0A17E00DDAA91 /* my_icon_messiage_default */,
			);
			path = "my page";
			sourceTree = "<group>";
		};
		2E019A0D22B0A17E00DDAA91 /* my_icon_version_default */ = {
			isa = PBXGroup;
			children = (
				2E019A0E22B0A17E00DDAA91 /* my_icon_version_default_xhdpi.png */,
				2E019A0F22B0A17E00DDAA91 /* 20.png */,
				2E019A1022B0A17E00DDAA91 /* my_icon_version_default_xxhdpi.png */,
			);
			path = my_icon_version_default;
			sourceTree = "<group>";
		};
		2E019A1122B0A17E00DDAA91 /* my_icon_feedback_default */ = {
			isa = PBXGroup;
			children = (
				2E019A1222B0A17E00DDAA91 /* 3333.png */,
				2E019A1322B0A17E00DDAA91 /* 4.png */,
				2E019A1422B0A17E00DDAA91 /* 2.png */,
			);
			path = my_icon_feedback_default;
			sourceTree = "<group>";
		};
		2E019A1522B0A17E00DDAA91 /* my_icon_rccord_default */ = {
			isa = PBXGroup;
			children = (
				2E019A1622B0A17E00DDAA91 /* 9996.png */,
				2E019A1722B0A17E00DDAA91 /* 5.png */,
				2E019A1822B0A17E00DDAA91 /* 7.png */,
			);
			path = my_icon_rccord_default;
			sourceTree = "<group>";
		};
		2E019A1922B0A17E00DDAA91 /* my_icon_remind_default */ = {
			isa = PBXGroup;
			children = (
				2E019A1A22B0A17E00DDAA91 /* 10.png */,
				2E019A1B22B0A17E00DDAA91 /* 8888.png */,
				2E019A1C22B0A17E00DDAA91 /* 899.png */,
			);
			path = my_icon_remind_default;
			sourceTree = "<group>";
		};
		2E019A1D22B0A17E00DDAA91 /* my_icon_logout_default */ = {
			isa = PBXGroup;
			children = (
				2E019A1E22B0A17E00DDAA91 /* 12.png */,
				2E019A1F22B0A17E00DDAA91 /* 13.png */,
				2E019A2022B0A17E00DDAA91 /* 11.png */,
			);
			path = my_icon_logout_default;
			sourceTree = "<group>";
		};
		2E019A2122B0A17E00DDAA91 /* my_icon_attention_default */ = {
			isa = PBXGroup;
			children = (
				2E019A2222B0A17E00DDAA91 /* 15.png */,
				2E019A2322B0A17E00DDAA91 /* 114.png */,
				2E019A2422B0A17E00DDAA91 /* 16.png */,
			);
			path = my_icon_attention_default;
			sourceTree = "<group>";
		};
		2E019A2522B0A17E00DDAA91 /* my_icon_messiage_default */ = {
			isa = PBXGroup;
			children = (
				2E019A2622B0A17E00DDAA91 /* 17.png */,
				2E019A2722B0A17E00DDAA91 /* 18.png */,
				2E019A2822B0A17E00DDAA91 /* 19.png */,
			);
			path = my_icon_messiage_default;
			sourceTree = "<group>";
		};
		2E019A2922B0A17E00DDAA91 /* 我的页面 */ = {
			isa = PBXGroup;
			children = (
				2E019A6922B0A92700DDAA91 /* choose_seat_soldout.png */,
				2E019A2A22B0A17E00DDAA91 /* 用户头像 */,
				2E019A2F22B0A17E00DDAA91 /* 背景 */,
			);
			path = "我的页面";
			sourceTree = "<group>";
		};
		2E019A2A22B0A17E00DDAA91 /* 用户头像 */ = {
			isa = PBXGroup;
			children = (
				2E019A2B22B0A17E00DDAA91 /* hdpia.png */,
				2E019A2C22B0A17E00DDAA91 /* xxhdpi */,
				2E019A2E22B0A17E00DDAA91 /* xhdpia.png */,
			);
			path = "用户头像";
			sourceTree = "<group>";
		};
		2E019A2C22B0A17E00DDAA91 /* xxhdpi */ = {
			isa = PBXGroup;
			children = (
				2E019A2D22B0A17E00DDAA91 /* Bitmap.png */,
			);
			path = xxhdpi;
			sourceTree = "<group>";
		};
		2E019A2F22B0A17E00DDAA91 /* 背景 */ = {
			isa = PBXGroup;
			children = (
				2E019A3022B0A17E00DDAA91 /* sj.jpg */,
			);
			path = "背景";
			sourceTree = "<group>";
		};
		2E019A3222B0A17E00DDAA91 /* 滚动 */ = {
			isa = PBXGroup;
			children = (
				2E019A3322B0A17E00DDAA91 /* h.png */,
				2E019A3422B0A17E00DDAA91 /* 66666.png */,
				2E019A3522B0A17E00DDAA91 /* 5555.png */,
				2E019A3622B0A17E00DDAA91 /* 71212.png */,
				2E019A3722B0A17E00DDAA91 /* 1111111.png */,
				2E019A3822B0A17E00DDAA91 /* 4444.png */,
				2E019A3922B0A17E00DDAA91 /* 2222.png */,
				2E019A3A22B0A17E00DDAA91 /* 343434.png */,
				2E019A3B22B0A17E00DDAA91 /* g.png */,
			);
			path = "滚动";
			sourceTree = "<group>";
		};
		2E019A3C22B0A17E00DDAA91 /* 放弃的副本 */ = {
			isa = PBXGroup;
			children = (
				2E019A3D22B0A17E00DDAA91 /* xxhdpi */,
				2E019A3F22B0A17E00DDAA91 /* xhdpi */,
				2E019A4122B0A17E00DDAA91 /* hdpi */,
			);
			path = "放弃的副本";
			sourceTree = "<group>";
		};
		2E019A3D22B0A17E00DDAA91 /* xxhdpi */ = {
			isa = PBXGroup;
			children = (
				2E019A3E22B0A17E00DDAA91 /* 35.png */,
			);
			path = xxhdpi;
			sourceTree = "<group>";
		};
		2E019A3F22B0A17E00DDAA91 /* xhdpi */ = {
			isa = PBXGroup;
			children = (
				2E019A4022B0A17E00DDAA91 /* 34.png */,
			);
			path = xhdpi;
			sourceTree = "<group>";
		};
		2E019A4122B0A17E00DDAA91 /* hdpi */ = {
			isa = PBXGroup;
			children = (
				2E019A4222B0A17E00DDAA91 /* 33.png */,
			);
			path = hdpi;
			sourceTree = "<group>";
		};
		2E072F7A22B3340300E60A8D /* V */ = {
			isa = PBXGroup;
			children = (
			);
			path = V;
			sourceTree = "<group>";
		};
		2E072F7B22B3340600E60A8D /* M */ = {
			isa = PBXGroup;
			children = (
				2E072F7C22B3342900E60A8D /* MovieModel.h */,
				2E072F7D22B3342900E60A8D /* MovieModel.m */,
			);
			path = M;
			sourceTree = "<group>";
		};
		2E34203222ADFA7A0037765E = {
			isa = PBXGroup;
			children = (
				2E34203D22ADFA7A0037765E /* 维度电影 */,
				2E34203C22ADFA7A0037765E /* Products */,
				2E4CBD051BB009BDFACF02B0 /* Pods */,
				3AF45E004BD2C34EA8AC541B /* Frameworks */,
			);
			sourceTree = "<group>";
		};
		2E34203C22ADFA7A0037765E /* Products */ = {
			isa = PBXGroup;
			children = (
				2E34203B22ADFA7A0037765E /* 维度电影.app */,
			);
			name = Products;
			sourceTree = "<group>";
		};
		2E34203D22ADFA7A0037765E /* 维度电影 */ = {
			isa = PBXGroup;
			children = (
				2E3DD65B22AE36820090A96C /* 电影 */,
				2E3DD65A22AE36810090A96C /* 影院 */,
				2E3DD65922AE367F0090A96C /* 我的 */,
				2E34203E22ADFA7A0037765E /* AppDelegate.h */,
				E031329122B09BDD00EAF501 /* 适配文件 */,
				E031329022B09BDB00EAF501 /* SDK */,
				2E34203F22ADFA7A0037765E /* AppDelegate.m */,
				2E34204122ADFA7A0037765E /* ViewController.h */,
				2E34204222ADFA7A0037765E /* ViewController.m */,
				2E34204422ADFA7A0037765E /* Main.storyboard */,
				2E34204722ADFA7C0037765E /* Assets.xcassets */,
				2E34204922ADFA7C0037765E /* LaunchScreen.storyboard */,
				2E34204C22ADFA7C0037765E /* Info.plist */,
				2E34204D22ADFA7C0037765E /* main.m */,
			);
			path = "维度电影";
			sourceTree = "<group>";
		};
		2E3DD65922AE367F0090A96C /* 我的 */ = {
			isa = PBXGroup;
			children = (
				2E3DD66222AE36EF0090A96C /* MeinViewController.h */,
				2E3DD66322AE36EF0090A96C /* MeinViewController.m */,
			);
			path = "我的";
			sourceTree = "<group>";
		};
		2E3DD65A22AE36810090A96C /* 影院 */ = {
			isa = PBXGroup;
			children = (
				E0DC726A22B224390011A316 /* 推荐影院 */,
				E0DC726922B224360011A316 /* 附近影院 */,
				E0DC726822B2240D0011A316 /* 主界面 */,
				E031329022B09BDB00EAF501 /* SDK */,
				E031329122B09BDD00EAF501 /* 适配文件 */,
			);
			path = "影院";
			sourceTree = "<group>";
		};
		2E3DD65B22AE36820090A96C /* 电影 */ = {
			isa = PBXGroup;
			children = (
				2E072F7B22B3340600E60A8D /* M */,
				2E072F7A22B3340300E60A8D /* V */,
				2E019A0B22B0A17E00DDAA91 /* Image */,
				2E019A0822B0A06C00DDAA91 /* LQScrollView.h */,
				2E34203F22ADFA7A0037765E /* AppDelegate.m */,
				2E019A0922B0A06C00DDAA91 /* LQScrollView.m */,
				2E3DD65C22AE36A40090A96C /* MovieViewController.h */,
				2E3DD65D22AE36A40090A96C /* MovieViewController.m */,
				2E072F6422B1D32B00E60A8D /* ReviewViewController.h */,
				2E072F6522B1D32B00E60A8D /* ReviewViewController.m */,
			);
			path = "电影";
			sourceTree = "<group>";
		};
		2E4CBD051BB009BDFACF02B0 /* Pods */ = {
			isa = PBXGroup;
			children = (
				B5D7B53A1EFBE5BCFD15CB93 /* Pods-维度电影.debug.xcconfig */,
				EBE4B539F257CFF1C5D49328 /* Pods-维度电影.release.xcconfig */,
			);
			name = Pods;
			sourceTree = "<group>";
		};
		3AF45E004BD2C34EA8AC541B /* Frameworks */ = {
			isa = PBXGroup;
			children = (
				1A81B87A9C1722FF550BBB0A /* libPods-维度电影.a */,
			);
			name = Frameworks;
			sourceTree = "<group>";
		};
		E031328722B09B8800EAF501 /* C */ = {
			isa = PBXGroup;
			children = (
				E031328A22B09BB200EAF501 /* RecommendVC.h */,
				E031328B22B09BB200EAF501 /* RecommendVC.m */,
				E031328D22B09BBE00EAF501 /* NearbyVC.h */,
				E031328E22B09BBE00EAF501 /* NearbyVC.m */,
			);
			path = C;
			sourceTree = "<group>";
		};
		E031328822B09B8900EAF501 /* V */ = {
			isa = PBXGroup;
			children = (
				E03132AD22B0D4DE00EAF501 /* RecommendCell.h */,
				E03132AE22B0D4DE00EAF501 /* RecommendCell.m */,
			);
			path = V;
			sourceTree = "<group>";
		};
		E031328922B09B8A00EAF501 /* M */ = {
			isa = PBXGroup;
			children = (
				E03132AA22B0D42200EAF501 /* RecommendMD.h */,
				E03132AB22B0D42200EAF501 /* RecommendMD.m */,
			);
			path = M;
			sourceTree = "<group>";
		};
		E031329022B09BDB00EAF501 /* SDK */ = {
			isa = PBXGroup;
			children = (
				E03132A322B09C7200EAF501 /* MCPageView */,
				E031329322B09C6700EAF501 /* GYZChooseCity */,
			);
			path = SDK;
			sourceTree = "<group>";
		};
		E031329122B09BDD00EAF501 /* 适配文件 */ = {
			isa = PBXGroup;
			children = (
				E031329222B09C4B00EAF501 /* screenLayOut.h */,
			);
			path = "适配文件";
			sourceTree = "<group>";
		};
		E031329322B09C6700EAF501 /* GYZChooseCity */ = {
			isa = PBXGroup;
			children = (
				E031329422B09C6700EAF501 /* GYZChooseCityController.m */,
				E031329522B09C6700EAF501 /* GYZCityGroupCell.m */,
				E031329622B09C6700EAF501 /* CityData.plist */,
				E031329722B09C6700EAF501 /* GYZCityHeaderView.m */,
				E031329822B09C6700EAF501 /* GYZCity.m */,
				E031329922B09C6700EAF501 /* GYZCityGroupCell.h */,
				E031329A22B09C6700EAF501 /* GYZChooseCityDelegate.h */,
				E031329B22B09C6700EAF501 /* GYZChooseCityController.h */,
				E031329C22B09C6700EAF501 /* GYZCityHeaderView.h */,
				E031329D22B09C6700EAF501 /* GYZCity.h */,
			);
			path = GYZChooseCity;
			sourceTree = "<group>";
		};
		E03132A322B09C7200EAF501 /* MCPageView */ = {
			isa = PBXGroup;
			children = (
				E03132A422B09C7200EAF501 /* UIView+QQFrame.h */,
				E03132A522B09C7200EAF501 /* MCPageView.h */,
				E03132A622B09C7200EAF501 /* MCPageView.m */,
				E03132A722B09C7200EAF501 /* UIView+QQFrame.m */,
			);
			path = MCPageView;
			sourceTree = "<group>";
		};
		E0DC726822B2240D0011A316 /* 主界面 */ = {
			isa = PBXGroup;
			children = (
				2E3DD66022AE36E10090A96C /* CinemaViewController.m */,
				2E3DD65F22AE36E10090A96C /* CinemaViewController.h */,
			);
			path = "主界面";
			sourceTree = "<group>";
		};
		E0DC726922B224360011A316 /* 附近影院 */ = {
			isa = PBXGroup;
			children = (
			);
			path = "附近影院";
			sourceTree = "<group>";
		};
		E0DC726A22B224390011A316 /* 推荐影院 */ = {
			isa = PBXGroup;
			children = (
				E031328922B09B8A00EAF501 /* M */,
				E031328822B09B8900EAF501 /* V */,
				E031328722B09B8800EAF501 /* C */,
			);
			path = "推荐影院";
			sourceTree = "<group>";
		};
/* End PBXGroup section */

/* Begin PBXNativeTarget section */
		2E34203A22ADFA7A0037765E /* 维度电影 */ = {
			isa = PBXNativeTarget;
			buildConfigurationList = 2E34205122ADFA7C0037765E /* Build configuration list for PBXNativeTarget "维度电影" */;
			buildPhases = (
				6643B2B9E0A0752E81797C86 /* [CP] Check Pods Manifest.lock */,
				2E34203722ADFA7A0037765E /* Sources */,
				2E34203822ADFA7A0037765E /* Frameworks */,
				2E34203922ADFA7A0037765E /* Resources */,
			);
			buildRules = (
			);
			dependencies = (
			);
			name = "维度电影";
			productName = "维度电影";
			productReference = 2E34203B22ADFA7A0037765E /* 维度电影.app */;
			productType = "com.apple.product-type.application";
		};
/* End PBXNativeTarget section */

/* Begin PBXProject section */
		2E34203322ADFA7A0037765E /* Project object */ = {
			isa = PBXProject;
			attributes = {
				LastUpgradeCheck = 1010;
				ORGANIZATIONNAME = Person;
				TargetAttributes = {
					2E34203A22ADFA7A0037765E = {
						CreatedOnToolsVersion = 10.1;
					};
				};
			};
			buildConfigurationList = 2E34203622ADFA7A0037765E /* Build configuration list for PBXProject "维度电影" */;
			compatibilityVersion = "Xcode 9.3";
			developmentRegion = en;
			hasScannedForEncodings = 0;
			knownRegions = (
				en,
				Base,
			);
			mainGroup = 2E34203222ADFA7A0037765E;
			productRefGroup = 2E34203C22ADFA7A0037765E /* Products */;
			projectDirPath = "";
			projectRoot = "";
			targets = (
				2E34203A22ADFA7A0037765E /* 维度电影 */,
			);
		};
/* End PBXProject section */

/* Begin PBXResourcesBuildPhase section */
		2E34203922ADFA7A0037765E /* Resources */ = {
			isa = PBXResourcesBuildPhase;
			buildActionMask = 2147483647;
			files = (
				2E019A6722B0A17E00DDAA91 /* 34.png in Resources */,
				2E019A5322B0A17E00DDAA91 /* 114.png in Resources */,
				2E019A4C22B0A17E00DDAA91 /* 10.png in Resources */,
				2E019A4D22B0A17E00DDAA91 /* 8888.png in Resources */,
				2E019A6522B0A17E00DDAA91 /* g.png in Resources */,
				2E019A4A22B0A17E00DDAA91 /* 5.png in Resources */,
				2E019A4522B0A17E00DDAA91 /* my_icon_version_default_xxhdpi.png in Resources */,
				2E019A5822B0A17E00DDAA91 /* hdpia.png in Resources */,
				2E019A6A22B0A92700DDAA91 /* choose_seat_soldout.png in Resources */,
				2E019A5B22B0A17E00DDAA91 /* sj.jpg in Resources */,
				2E019A4422B0A17E00DDAA91 /* 20.png in Resources */,
				2E019A4B22B0A17E00DDAA91 /* 7.png in Resources */,
				2E019A5922B0A17E00DDAA91 /* Bitmap.png in Resources */,
				2E019A4E22B0A17E00DDAA91 /* 899.png in Resources */,
				2E019A4922B0A17E00DDAA91 /* 9996.png in Resources */,
				2E34204B22ADFA7C0037765E /* LaunchScreen.storyboard in Resources */,
				2E019A4622B0A17E00DDAA91 /* 3333.png in Resources */,
				2E019A5A22B0A17E00DDAA91 /* xhdpia.png in Resources */,
				2E019A6122B0A17E00DDAA91 /* 1111111.png in Resources */,
				2E019A5F22B0A17E00DDAA91 /* 5555.png in Resources */,
				2E019A5722B0A17E00DDAA91 /* 19.png in Resources */,
				2E019A5422B0A17E00DDAA91 /* 16.png in Resources */,
				2E019A5222B0A17E00DDAA91 /* 15.png in Resources */,
				2E019A5C22B0A17E00DDAA91 /* hdpimore.png in Resources */,
				2E019A4722B0A17E00DDAA91 /* 4.png in Resources */,
				2E019A4322B0A17E00DDAA91 /* my_icon_version_default_xhdpi.png in Resources */,
				2E019A5522B0A17E00DDAA91 /* 17.png in Resources */,
				2E019A5622B0A17E00DDAA91 /* 18.png in Resources */,
				2E019A6622B0A17E00DDAA91 /* 35.png in Resources */,
				2E019A4F22B0A17E00DDAA91 /* 12.png in Resources */,
				2E019A6422B0A17E00DDAA91 /* 343434.png in Resources */,
				2E019A5D22B0A17E00DDAA91 /* h.png in Resources */,
				2E019A6322B0A17E00DDAA91 /* 2222.png in Resources */,
				2E019A5E22B0A17E00DDAA91 /* 66666.png in Resources */,
				2E019A5122B0A17E00DDAA91 /* 11.png in Resources */,
				2E019A5022B0A17E00DDAA91 /* 13.png in Resources */,
				2E019A6822B0A17E00DDAA91 /* 33.png in Resources */,
				2E019A6022B0A17E00DDAA91 /* 71212.png in Resources */,
				2E019A4822B0A17E00DDAA91 /* 2.png in Resources */,
				2E019A6222B0A17E00DDAA91 /* 4444.png in Resources */,
				2E34204822ADFA7C0037765E /* Assets.xcassets in Resources */,
				2E34204622ADFA7A0037765E /* Main.storyboard in Resources */,
				E03132A022B09C6700EAF501 /* CityData.plist in Resources */,
			);
			runOnlyForDeploymentPostprocessing = 0;
		};
/* End PBXResourcesBuildPhase section */

/* Begin PBXShellScriptBuildPhase section */
		6643B2B9E0A0752E81797C86 /* [CP] Check Pods Manifest.lock */ = {
			isa = PBXShellScriptBuildPhase;
			buildActionMask = 2147483647;
			files = (
			);
			inputFileListPaths = (
			);
			inputPaths = (
				"${PODS_PODFILE_DIR_PATH}/Podfile.lock",
				"${PODS_ROOT}/Manifest.lock",
			);
			name = "[CP] Check Pods Manifest.lock";
			outputFileListPaths = (
			);
			outputPaths = (
				"$(DERIVED_FILE_DIR)/Pods-维度电影-checkManifestLockResult.txt",
			);
			runOnlyForDeploymentPostprocessing = 0;
			shellPath = /bin/sh;
			shellScript = "diff \"${PODS_PODFILE_DIR_PATH}/Podfile.lock\" \"${PODS_ROOT}/Manifest.lock\" > /dev/null\nif [ $? != 0 ] ; then\n    # print error to STDERR\n    echo \"error: The sandbox is not in sync with the Podfile.lock. Run 'pod install' or update your CocoaPods installation.\" >&2\n    exit 1\nfi\n# This output is used by Xcode 'outputs' to avoid re-running this script phase.\necho \"SUCCESS\" > \"${SCRIPT_OUTPUT_FILE_0}\"\n";
			showEnvVarsInLog = 0;
		};
/* End PBXShellScriptBuildPhase section */

/* Begin PBXSourcesBuildPhase section */
		2E34203722ADFA7A0037765E /* Sources */ = {
			isa = PBXSourcesBuildPhase;
			buildActionMask = 2147483647;
			files = (


				2E072F7922B227AF00E60A8D /* ReviewViewController.m in Sources */,

				2E64F52A22B0E3BC00E84216 /* UIView+QQFrame.m in Sources */,
				2E64F52B22B0E3BC00E84216 /* GYZCityGroupCell.m in Sources */,
				2E64F52C22B0E3BC00E84216 /* GYZCityHeaderView.m in Sources */,
				2E64F52D22B0E3BC00E84216 /* GYZCity.m in Sources */,
				2E64F52822B0E38000E84216 /* MCPageView.m in Sources */,
				2E64F52922B0E38000E84216 /* GYZChooseCityController.m in Sources */,
				2E64F52622B0E33600E84216 /* RecommendVC.m in Sources */,
				2E64F52722B0E33600E84216 /* NearbyVC.m in Sources */,
				2E072F7E22B3342900E60A8D /* MovieModel.m in Sources */,
				2E34204322ADFA7A0037765E /* ViewController.m in Sources */,
				2E3DD66422AE36EF0090A96C /* MeinViewController.m in Sources */,
				E03132A822B09C7200EAF501 /* MCPageView.m in Sources */,
				E03132AF22B0D4DE00EAF501 /* RecommendCell.m in Sources */,
				2E3DD66122AE36E10090A96C /* CinemaViewController.m in Sources */,
				2E34204E22ADFA7C0037765E /* main.m in Sources */,
				2E34204022ADFA7A0037765E /* AppDelegate.m in Sources */,
				2E019A0A22B0A06C00DDAA91 /* LQScrollView.m in Sources */,
				2E3DD65E22AE36A40090A96C /* MovieViewController.m in Sources */,
				E03132A122B09C6700EAF501 /* GYZCityHeaderView.m in Sources */,
				E03132AC22B0D42200EAF501 /* RecommendMD.m in Sources */,
				E03132A222B09C6700EAF501 /* GYZCity.m in Sources */,
			);
			runOnlyForDeploymentPostprocessing = 0;
		};
/* End PBXSourcesBuildPhase section */

/* Begin PBXVariantGroup section */
		2E34204422ADFA7A0037765E /* Main.storyboard */ = {
			isa = PBXVariantGroup;
			children = (
				2E34204522ADFA7A0037765E /* Base */,
			);
			name = Main.storyboard;
			sourceTree = "<group>";
		};
		2E34204922ADFA7C0037765E /* LaunchScreen.storyboard */ = {
			isa = PBXVariantGroup;
			children = (
				2E34204A22ADFA7C0037765E /* Base */,
			);
			name = LaunchScreen.storyboard;
			sourceTree = "<group>";
		};
/* End PBXVariantGroup section */

/* Begin XCBuildConfiguration section */
		2E34204F22ADFA7C0037765E /* Debug */ = {
			isa = XCBuildConfiguration;
			buildSettings = {
				ALWAYS_SEARCH_USER_PATHS = NO;
				CLANG_ANALYZER_NONNULL = YES;
				CLANG_ANALYZER_NUMBER_OBJECT_CONVERSION = YES_AGGRESSIVE;
				CLANG_CXX_LANGUAGE_STANDARD = "gnu++14";
				CLANG_CXX_LIBRARY = "libc++";
				CLANG_ENABLE_MODULES = YES;
				CLANG_ENABLE_OBJC_ARC = YES;
				CLANG_ENABLE_OBJC_WEAK = YES;
				CLANG_WARN_BLOCK_CAPTURE_AUTORELEASING = YES;
				CLANG_WARN_BOOL_CONVERSION = YES;
				CLANG_WARN_COMMA = YES;
				CLANG_WARN_CONSTANT_CONVERSION = YES;
				CLANG_WARN_DEPRECATED_OBJC_IMPLEMENTATIONS = YES;
				CLANG_WARN_DIRECT_OBJC_ISA_USAGE = YES_ERROR;
				CLANG_WARN_DOCUMENTATION_COMMENTS = YES;
				CLANG_WARN_EMPTY_BODY = YES;
				CLANG_WARN_ENUM_CONVERSION = YES;
				CLANG_WARN_INFINITE_RECURSION = YES;
				CLANG_WARN_INT_CONVERSION = YES;
				CLANG_WARN_NON_LITERAL_NULL_CONVERSION = YES;
				CLANG_WARN_OBJC_IMPLICIT_RETAIN_SELF = YES;
				CLANG_WARN_OBJC_LITERAL_CONVERSION = YES;
				CLANG_WARN_OBJC_ROOT_CLASS = YES_ERROR;
				CLANG_WARN_RANGE_LOOP_ANALYSIS = YES;
				CLANG_WARN_STRICT_PROTOTYPES = YES;
				CLANG_WARN_SUSPICIOUS_MOVE = YES;
				CLANG_WARN_UNGUARDED_AVAILABILITY = YES_AGGRESSIVE;
				CLANG_WARN_UNREACHABLE_CODE = YES;
				CLANG_WARN__DUPLICATE_METHOD_MATCH = YES;
				CODE_SIGN_IDENTITY = "iPhone Developer";
				COPY_PHASE_STRIP = NO;
				DEBUG_INFORMATION_FORMAT = dwarf;
				ENABLE_STRICT_OBJC_MSGSEND = YES;
				ENABLE_TESTABILITY = YES;
				GCC_C_LANGUAGE_STANDARD = gnu11;
				GCC_DYNAMIC_NO_PIC = NO;
				GCC_NO_COMMON_BLOCKS = YES;
				GCC_OPTIMIZATION_LEVEL = 0;
				GCC_PREPROCESSOR_DEFINITIONS = (
					"DEBUG=1",
					"$(inherited)",
				);
				GCC_WARN_64_TO_32_BIT_CONVERSION = YES;
				GCC_WARN_ABOUT_RETURN_TYPE = YES_ERROR;
				GCC_WARN_UNDECLARED_SELECTOR = YES;
				GCC_WARN_UNINITIALIZED_AUTOS = YES_AGGRESSIVE;
				GCC_WARN_UNUSED_FUNCTION = YES;
				GCC_WARN_UNUSED_VARIABLE = YES;
				IPHONEOS_DEPLOYMENT_TARGET = 12.1;
				MTL_ENABLE_DEBUG_INFO = INCLUDE_SOURCE;
				MTL_FAST_MATH = YES;
				ONLY_ACTIVE_ARCH = YES;
				SDKROOT = iphoneos;
			};
			name = Debug;
		};
		2E34205022ADFA7C0037765E /* Release */ = {
			isa = XCBuildConfiguration;
			buildSettings = {
				ALWAYS_SEARCH_USER_PATHS = NO;
				CLANG_ANALYZER_NONNULL = YES;
				CLANG_ANALYZER_NUMBER_OBJECT_CONVERSION = YES_AGGRESSIVE;
				CLANG_CXX_LANGUAGE_STANDARD = "gnu++14";
				CLANG_CXX_LIBRARY = "libc++";
				CLANG_ENABLE_MODULES = YES;
				CLANG_ENABLE_OBJC_ARC = YES;
				CLANG_ENABLE_OBJC_WEAK = YES;
				CLANG_WARN_BLOCK_CAPTURE_AUTORELEASING = YES;
				CLANG_WARN_BOOL_CONVERSION = YES;
				CLANG_WARN_COMMA = YES;
				CLANG_WARN_CONSTANT_CONVERSION = YES;
				CLANG_WARN_DEPRECATED_OBJC_IMPLEMENTATIONS = YES;
				CLANG_WARN_DIRECT_OBJC_ISA_USAGE = YES_ERROR;
				CLANG_WARN_DOCUMENTATION_COMMENTS = YES;
				CLANG_WARN_EMPTY_BODY = YES;
				CLANG_WARN_ENUM_CONVERSION = YES;
				CLANG_WARN_INFINITE_RECURSION = YES;
				CLANG_WARN_INT_CONVERSION = YES;
				CLANG_WARN_NON_LITERAL_NULL_CONVERSION = YES;
				CLANG_WARN_OBJC_IMPLICIT_RETAIN_SELF = YES;
				CLANG_WARN_OBJC_LITERAL_CONVERSION = YES;
				CLANG_WARN_OBJC_ROOT_CLASS = YES_ERROR;
				CLANG_WARN_RANGE_LOOP_ANALYSIS = YES;
				CLANG_WARN_STRICT_PROTOTYPES = YES;
				CLANG_WARN_SUSPICIOUS_MOVE = YES;
				CLANG_WARN_UNGUARDED_AVAILABILITY = YES_AGGRESSIVE;
				CLANG_WARN_UNREACHABLE_CODE = YES;
				CLANG_WARN__DUPLICATE_METHOD_MATCH = YES;
				CODE_SIGN_IDENTITY = "iPhone Developer";
				COPY_PHASE_STRIP = NO;
				DEBUG_INFORMATION_FORMAT = "dwarf-with-dsym";
				ENABLE_NS_ASSERTIONS = NO;
				ENABLE_STRICT_OBJC_MSGSEND = YES;
				GCC_C_LANGUAGE_STANDARD = gnu11;
				GCC_NO_COMMON_BLOCKS = YES;
				GCC_WARN_64_TO_32_BIT_CONVERSION = YES;
				GCC_WARN_ABOUT_RETURN_TYPE = YES_ERROR;
				GCC_WARN_UNDECLARED_SELECTOR = YES;
				GCC_WARN_UNINITIALIZED_AUTOS = YES_AGGRESSIVE;
				GCC_WARN_UNUSED_FUNCTION = YES;
				GCC_WARN_UNUSED_VARIABLE = YES;
				IPHONEOS_DEPLOYMENT_TARGET = 12.1;
				MTL_ENABLE_DEBUG_INFO = NO;
				MTL_FAST_MATH = YES;
				SDKROOT = iphoneos;
				VALIDATE_PRODUCT = YES;
			};
			name = Release;
		};
		2E34205222ADFA7C0037765E /* Debug */ = {
			isa = XCBuildConfiguration;
			baseConfigurationReference = B5D7B53A1EFBE5BCFD15CB93 /* Pods-维度电影.debug.xcconfig */;
			buildSettings = {
				ASSETCATALOG_COMPILER_APPICON_NAME = AppIcon;
				CODE_SIGN_STYLE = Automatic;
				INFOPLIST_FILE = "维度电影/Info.plist";
				LD_RUNPATH_SEARCH_PATHS = (
					"$(inherited)",
					"@executable_path/Frameworks",
				);
				PRODUCT_BUNDLE_IDENTIFIER = "com.work.----";
				PRODUCT_NAME = "$(TARGET_NAME)";
				TARGETED_DEVICE_FAMILY = "1,2";
			};
			name = Debug;
		};
		2E34205322ADFA7C0037765E /* Release */ = {
			isa = XCBuildConfiguration;
			baseConfigurationReference = EBE4B539F257CFF1C5D49328 /* Pods-维度电影.release.xcconfig */;
			buildSettings = {
				ASSETCATALOG_COMPILER_APPICON_NAME = AppIcon;
				CODE_SIGN_STYLE = Automatic;
				INFOPLIST_FILE = "维度电影/Info.plist";
				LD_RUNPATH_SEARCH_PATHS = (
					"$(inherited)",
					"@executable_path/Frameworks",
				);
				PRODUCT_BUNDLE_IDENTIFIER = "com.work.----";
				PRODUCT_NAME = "$(TARGET_NAME)";
				TARGETED_DEVICE_FAMILY = "1,2";
			};
			name = Release;
		};
/* End XCBuildConfiguration section */

/* Begin XCConfigurationList section */
		2E34203622ADFA7A0037765E /* Build configuration list for PBXProject "维度电影" */ = {
			isa = XCConfigurationList;
			buildConfigurations = (
				2E34204F22ADFA7C0037765E /* Debug */,
				2E34205022ADFA7C0037765E /* Release */,
			);
			defaultConfigurationIsVisible = 0;
			defaultConfigurationName = Release;
		};
		2E34205122ADFA7C0037765E /* Build configuration list for PBXNativeTarget "维度电影" */ = {
			isa = XCConfigurationList;
			buildConfigurations = (
				2E34205222ADFA7C0037765E /* Debug */,
				2E34205322ADFA7C0037765E /* Release */,
			);
			defaultConfigurationIsVisible = 0;
			defaultConfigurationName = Release;
		};
/* End XCConfigurationList section */
	};
	rootObject = 2E34203322ADFA7A0037765E /* Project object */;
}
